// !$*UTF8*$!
{
	archiveVersion = 1;
	classes = {
	};
	objectVersion = 77;
	objects = {

/* Begin PBXBuildFile section */
		461D34D52D88BD8000516DCC /* Assets.xcassets in Resources */ = {isa = PBXBuildFile; fileRef = 46BE1D242D84A8FC0011C447 /* Assets.xcassets */; };
		46BE1D1B2D84A8FC0011C447 /* RikerApp.swift in Sources */ = {isa = PBXBuildFile; fileRef = 46BE1D102D84A8FC0011C447 /* RikerApp.swift */; };
		46BE1D1C2D84A8FC0011C447 /* ContentView.swift in Sources */ = {isa = PBXBuildFile; fileRef = 46BE1D112D84A8FC0011C447 /* ContentView.swift */; };
		46BE1D1D2D84A8FC0011C447 /* LibraryView.swift in Sources */ = {isa = PBXBuildFile; fileRef = 46BE1D122D84A8FC0011C447 /* LibraryView.swift */; };
		46BE1D1E2D84A8FC0011C447 /* PlayerBar.swift in Sources */ = {isa = PBXBuildFile; fileRef = 46BE1D132D84A8FC0011C447 /* PlayerBar.swift */; };
		46BE1D1F2D84A8FC0011C447 /* SeekBar.swift in Sources */ = {isa = PBXBuildFile; fileRef = 46BE1D142D84A8FC0011C447 /* SeekBar.swift */; };
		46BE1D202D84A8FC0011C447 /* ToastView.swift in Sources */ = {isa = PBXBuildFile; fileRef = 46BE1D152D84A8FC0011C447 /* ToastView.swift */; };
		46BE1D212D84A8FC0011C447 /* MusicPlayerManager.swift in Sources */ = {isa = PBXBuildFile; fileRef = 46BE1D162D84A8FC0011C447 /* MusicPlayerManager.swift */; };
		46BE1D222D84A8FC0011C447 /* ListenBrainzClient.swift in Sources */ = {isa = PBXBuildFile; fileRef = 46BE1D172D84A8FC0011C447 /* ListenBrainzClient.swift */; };
		46BE1D232D84A8FC0011C447 /* ToastManager.swift in Sources */ = {isa = PBXBuildFile; fileRef = 46BE1D182D84A8FC0011C447 /* ToastManager.swift */; };
		46BE1D2A2D84B8FC0011C447 /* CollectionDetailView.swift in Sources */ = {isa = PBXBuildFile; fileRef = 46BE1D292D84B8FC0011C447 /* CollectionDetailView.swift */; };
		46FE9C232D8815F400994335 /* Settings.bundle in Resources */ = {isa = PBXBuildFile; fileRef = 46FE9C222D8815F400994335 /* Settings.bundle */; };
/* End PBXBuildFile section */

/* Begin PBXContainerItemProxy section */
		464AC7322D8498D60093A909 /* PBXContainerItemProxy */ = {
			isa = PBXContainerItemProxy;
			containerPortal = 464AC7192D8498D50093A909 /* Project object */;
			proxyType = 1;
			remoteGlobalIDString = 464AC7202D8498D50093A909;
			remoteInfo = Riker;
		};
		464AC73C2D8498D60093A909 /* PBXContainerItemProxy */ = {
			isa = PBXContainerItemProxy;
			containerPortal = 464AC7192D8498D50093A909 /* Project object */;
			proxyType = 1;
			remoteGlobalIDString = 464AC7202D8498D50093A909;
			remoteInfo = Riker;
		};
/* End PBXContainerItemProxy section */

/* Begin PBXFileReference section */
		464AC7212D8498D50093A909 /* Riker.app */ = {isa = PBXFileReference; explicitFileType = wrapper.application; includeInIndex = 0; path = Riker.app; sourceTree = BUILT_PRODUCTS_DIR; };
		464AC7312D8498D60093A909 /* RikerTests.xctest */ = {isa = PBXFileReference; explicitFileType = wrapper.cfbundle; includeInIndex = 0; path = RikerTests.xctest; sourceTree = BUILT_PRODUCTS_DIR; };
		464AC73B2D8498D60093A909 /* RikerUITests.xctest */ = {isa = PBXFileReference; explicitFileType = wrapper.cfbundle; includeInIndex = 0; path = RikerUITests.xctest; sourceTree = BUILT_PRODUCTS_DIR; };
		46BE1D0E2D84A7FC0011C447 /* Info.plist */ = {isa = PBXFileReference; lastKnownFileType = text.plist.xml; path = Info.plist; sourceTree = "<group>"; };
		46BE1D102D84A8FC0011C447 /* RikerApp.swift */ = {isa = PBXFileReference; lastKnownFileType = sourcecode.swift; path = RikerApp.swift; sourceTree = "<group>"; };
		46BE1D112D84A8FC0011C447 /* ContentView.swift */ = {isa = PBXFileReference; lastKnownFileType = sourcecode.swift; path = ContentView.swift; sourceTree = "<group>"; };
		46BE1D122D84A8FC0011C447 /* LibraryView.swift */ = {isa = PBXFileReference; lastKnownFileType = sourcecode.swift; path = LibraryView.swift; sourceTree = "<group>"; };
		46BE1D132D84A8FC0011C447 /* PlayerBar.swift */ = {isa = PBXFileReference; lastKnownFileType = sourcecode.swift; path = PlayerBar.swift; sourceTree = "<group>"; };
		46BE1D142D84A8FC0011C447 /* SeekBar.swift */ = {isa = PBXFileReference; lastKnownFileType = sourcecode.swift; path = SeekBar.swift; sourceTree = "<group>"; };
		46BE1D152D84A8FC0011C447 /* ToastView.swift */ = {isa = PBXFileReference; lastKnownFileType = sourcecode.swift; path = ToastView.swift; sourceTree = "<group>"; };
		46BE1D162D84A8FC0011C447 /* MusicPlayerManager.swift */ = {isa = PBXFileReference; lastKnownFileType = sourcecode.swift; path = MusicPlayerManager.swift; sourceTree = "<group>"; };
		46BE1D172D84A8FC0011C447 /* ListenBrainzClient.swift */ = {isa = PBXFileReference; lastKnownFileType = sourcecode.swift; path = ListenBrainzClient.swift; sourceTree = "<group>"; };
		46BE1D182D84A8FC0011C447 /* ToastManager.swift */ = {isa = PBXFileReference; lastKnownFileType = sourcecode.swift; path = ToastManager.swift; sourceTree = "<group>"; };
		46BE1D242D84A8FC0011C447 /* Assets.xcassets */ = {isa = PBXFileReference; lastKnownFileType = folder.assetcatalog; path = Assets.xcassets; sourceTree = "<group>"; };
		46BE1D262D84A8FC0011C447 /* Preview Assets.xcassets */ = {isa = PBXFileReference; lastKnownFileType = folder.assetcatalog; path = "Preview Assets.xcassets"; sourceTree = "<group>"; };
		46BE1D292D84B8FC0011C447 /* CollectionDetailView.swift */ = {isa = PBXFileReference; lastKnownFileType = sourcecode.swift; path = CollectionDetailView.swift; sourceTree = "<group>"; };
		46FE9C222D8815F400994335 /* Settings.bundle */ = {isa = PBXFileReference; lastKnownFileType = "wrapper.plug-in"; path = Settings.bundle; sourceTree = "<group>"; };
/* End PBXFileReference section */

/* Begin PBXFileSystemSynchronizedRootGroup section */
		464AC7342D8498D60093A909 /* RikerTests */ = {
			isa = PBXFileSystemSynchronizedRootGroup;
			path = RikerTests;
			sourceTree = "<group>";
		};
		464AC73E2D8498D60093A909 /* RikerUITests */ = {
			isa = PBXFileSystemSynchronizedRootGroup;
			path = RikerUITests;
			sourceTree = "<group>";
		};
/* End PBXFileSystemSynchronizedRootGroup section */

/* Begin PBXFrameworksBuildPhase section */
		464AC71E2D8498D50093A909 /* Frameworks */ = {
			isa = PBXFrameworksBuildPhase;
			buildActionMask = 2147483647;
			files = (
			);
			runOnlyForDeploymentPostprocessing = 0;
		};
		464AC72E2D8498D60093A909 /* Frameworks */ = {
			isa = PBXFrameworksBuildPhase;
			buildActionMask = 2147483647;
			files = (
			);
			runOnlyForDeploymentPostprocessing = 0;
		};
		464AC7382D8498D60093A909 /* Frameworks */ = {
			isa = PBXFrameworksBuildPhase;
			buildActionMask = 2147483647;
			files = (
			);
			runOnlyForDeploymentPostprocessing = 0;
		};
/* End PBXFrameworksBuildPhase section */

/* Begin PBXGroup section */
		464AC7182D8498D50093A909 = {
			isa = PBXGroup;
			children = (
				46FE9C222D8815F400994335 /* Settings.bundle */,
				464AC7232D8498D50093A909 /* Riker */,
				464AC7342D8498D60093A909 /* RikerTests */,
				464AC73E2D8498D60093A909 /* RikerUITests */,
				464AC7222D8498D50093A909 /* Products */,
			);
			sourceTree = "<group>";
		};
		464AC7222D8498D50093A909 /* Products */ = {
			isa = PBXGroup;
			children = (
				464AC7212D8498D50093A909 /* Riker.app */,
				464AC7312D8498D60093A909 /* RikerTests.xctest */,
				464AC73B2D8498D60093A909 /* RikerUITests.xctest */,
			);
			name = Products;
			sourceTree = "<group>";
		};
		464AC7232D8498D50093A909 /* Riker */ = {
			isa = PBXGroup;
			children = (
				46BE1D192D84A8FC0011C447 /* Models */,
				46BE1D1A2D84A8FC0011C447 /* Views */,
				46BE1D102D84A8FC0011C447 /* RikerApp.swift */,
				46BE1D112D84A8FC0011C447 /* ContentView.swift */,
				46BE1D0E2D84A7FC0011C447 /* Info.plist */,
				46BE1D242D84A8FC0011C447 /* Assets.xcassets */,
				46BE1D272D84A8FC0011C447 /* Preview Content */,
			);
			path = Riker;
			sourceTree = "<group>";
		};
		46BE1D192D84A8FC0011C447 /* Models */ = {
			isa = PBXGroup;
			children = (
				46BE1D162D84A8FC0011C447 /* MusicPlayerManager.swift */,
				46BE1D172D84A8FC0011C447 /* ListenBrainzClient.swift */,
				46BE1D182D84A8FC0011C447 /* ToastManager.swift */,
			);
			path = Models;
			sourceTree = "<group>";
		};
		46BE1D1A2D84A8FC0011C447 /* Views */ = {
			isa = PBXGroup;
			children = (
				46BE1D122D84A8FC0011C447 /* LibraryView.swift */,
				46BE1D132D84A8FC0011C447 /* PlayerBar.swift */,
				46BE1D142D84A8FC0011C447 /* SeekBar.swift */,
				46BE1D152D84A8FC0011C447 /* ToastView.swift */,
				46BE1D292D84B8FC0011C447 /* CollectionDetailView.swift */,
			);
			path = Views;
			sourceTree = "<group>";
		};
		46BE1D272D84A8FC0011C447 /* Preview Content */ = {
			isa = PBXGroup;
			children = (
				46BE1D262D84A8FC0011C447 /* Preview Assets.xcassets */,
			);
			path = "Preview Content";
			sourceTree = "<group>";
		};
/* End PBXGroup section */

/* Begin PBXNativeTarget section */
		464AC7202D8498D50093A909 /* Riker */ = {
			isa = PBXNativeTarget;
			buildConfigurationList = 464AC7452D8498D60093A909 /* Build configuration list for PBXNativeTarget "Riker" */;
			buildPhases = (
				464AC71D2D8498D50093A909 /* Sources */,
				464AC71E2D8498D50093A909 /* Frameworks */,
				464AC71F2D8498D50093A909 /* Resources */,
			);
			buildRules = (
			);
			dependencies = (
			);
			fileSystemSynchronizedGroups = (
				464AC7232D8498D50093A909 /* Riker */,
			);
			name = Riker;
			packageProductDependencies = (
			);
			productName = Riker;
			productReference = 464AC7212D8498D50093A909 /* Riker.app */;
			productType = "com.apple.product-type.application";
		};
		464AC7302D8498D60093A909 /* RikerTests */ = {
			isa = PBXNativeTarget;
			buildConfigurationList = 464AC7482D8498D60093A909 /* Build configuration list for PBXNativeTarget "RikerTests" */;
			buildPhases = (
				464AC72D2D8498D60093A909 /* Sources */,
				464AC72E2D8498D60093A909 /* Frameworks */,
				464AC72F2D8498D60093A909 /* Resources */,
			);
			buildRules = (
			);
			dependencies = (
				464AC7332D8498D60093A909 /* PBXTargetDependency */,
			);
			fileSystemSynchronizedGroups = (
				464AC7342D8498D60093A909 /* RikerTests */,
			);
			name = RikerTests;
			packageProductDependencies = (
			);
			productName = RikerTests;
			productReference = 464AC7312D8498D60093A909 /* RikerTests.xctest */;
			productType = "com.apple.product-type.bundle.unit-test";
		};
		464AC73A2D8498D60093A909 /* RikerUITests */ = {
			isa = PBXNativeTarget;
			buildConfigurationList = 464AC74B2D8498D60093A909 /* Build configuration list for PBXNativeTarget "RikerUITests" */;
			buildPhases = (
				464AC7372D8498D60093A909 /* Sources */,
				464AC7382D8498D60093A909 /* Frameworks */,
				464AC7392D8498D60093A909 /* Resources */,
			);
			buildRules = (
			);
			dependencies = (
				464AC73D2D8498D60093A909 /* PBXTargetDependency */,
			);
			fileSystemSynchronizedGroups = (
				464AC73E2D8498D60093A909 /* RikerUITests */,
			);
			name = RikerUITests;
			packageProductDependencies = (
			);
			productName = RikerUITests;
			productReference = 464AC73B2D8498D60093A909 /* RikerUITests.xctest */;
			productType = "com.apple.product-type.bundle.ui-testing";
		};
/* End PBXNativeTarget section */

/* Begin PBXProject section */
		464AC7192D8498D50093A909 /* Project object */ = {
			isa = PBXProject;
			attributes = {
				BuildIndependentTargetsInParallel = 1;
				LastSwiftUpdateCheck = 1620;
				LastUpgradeCheck = 1620;
				TargetAttributes = {
					464AC7202D8498D50093A909 = {
						CreatedOnToolsVersion = 16.2;
					};
					464AC7302D8498D60093A909 = {
						CreatedOnToolsVersion = 16.2;
						TestTargetID = 464AC7202D8498D50093A909;
					};
					464AC73A2D8498D60093A909 = {
						CreatedOnToolsVersion = 16.2;
						TestTargetID = 464AC7202D8498D50093A909;
					};
				};
			};
			buildConfigurationList = 464AC71C2D8498D50093A909 /* Build configuration list for PBXProject "Riker" */;
			developmentRegion = en;
			hasScannedForEncodings = 0;
			knownRegions = (
				en,
				Base,
			);
			mainGroup = 464AC7182D8498D50093A909;
			minimizedProjectReferenceProxies = 1;
			preferredProjectObjectVersion = 77;
			productRefGroup = 464AC7222D8498D50093A909 /* Products */;
			projectDirPath = "";
			projectRoot = "";
			targets = (
				464AC7202D8498D50093A909 /* Riker */,
				464AC7302D8498D60093A909 /* RikerTests */,
				464AC73A2D8498D60093A909 /* RikerUITests */,
			);
		};
/* End PBXProject section */

/* Begin PBXResourcesBuildPhase section */
		464AC71F2D8498D50093A909 /* Resources */ = {
			isa = PBXResourcesBuildPhase;
			buildActionMask = 2147483647;
			files = (
				461D34D52D88BD8000516DCC /* Assets.xcassets in Resources */,
				46FE9C232D8815F400994335 /* Settings.bundle in Resources */,
			);
			runOnlyForDeploymentPostprocessing = 0;
		};
		464AC72F2D8498D60093A909 /* Resources */ = {
			isa = PBXResourcesBuildPhase;
			buildActionMask = 2147483647;
			files = (
			);
			runOnlyForDeploymentPostprocessing = 0;
		};
		464AC7392D8498D60093A909 /* Resources */ = {
			isa = PBXResourcesBuildPhase;
			buildActionMask = 2147483647;
			files = (
			);
			runOnlyForDeploymentPostprocessing = 0;
		};
/* End PBXResourcesBuildPhase section */

/* Begin PBXSourcesBuildPhase section */
		464AC71D2D8498D50093A909 /* Sources */ = {
			isa = PBXSourcesBuildPhase;
			buildActionMask = 2147483647;
			files = (
				46BE1D1B2D84A8FC0011C447 /* RikerApp.swift in Sources */,
				46BE1D1C2D84A8FC0011C447 /* ContentView.swift in Sources */,
				46BE1D1D2D84A8FC0011C447 /* LibraryView.swift in Sources */,
				46BE1D1E2D84A8FC0011C447 /* PlayerBar.swift in Sources */,
				46BE1D1F2D84A8FC0011C447 /* SeekBar.swift in Sources */,
				46BE1D202D84A8FC0011C447 /* ToastView.swift in Sources */,
				46BE1D212D84A8FC0011C447 /* MusicPlayerManager.swift in Sources */,
				46BE1D222D84A8FC0011C447 /* ListenBrainzClient.swift in Sources */,
				46BE1D232D84A8FC0011C447 /* ToastManager.swift in Sources */,
				46BE1D2A2D84B8FC0011C447 /* CollectionDetailView.swift in Sources */,
			);
			runOnlyForDeploymentPostprocessing = 0;
		};
		464AC72D2D8498D60093A909 /* Sources */ = {
			isa = PBXSourcesBuildPhase;
			buildActionMask = 2147483647;
			files = (
			);
			runOnlyForDeploymentPostprocessing = 0;
		};
		464AC7372D8498D60093A909 /* Sources */ = {
			isa = PBXSourcesBuildPhase;
			buildActionMask = 2147483647;
			files = (
			);
			runOnlyForDeploymentPostprocessing = 0;
		};
/* End PBXSourcesBuildPhase section */

/* Begin PBXTargetDependency section */
		464AC7332D8498D60093A909 /* PBXTargetDependency */ = {
			isa = PBXTargetDependency;
			target = 464AC7202D8498D50093A909 /* Riker */;
			targetProxy = 464AC7322D8498D60093A909 /* PBXContainerItemProxy */;
		};
		464AC73D2D8498D60093A909 /* PBXTargetDependency */ = {
			isa = PBXTargetDependency;
			target = 464AC7202D8498D50093A909 /* Riker */;
			targetProxy = 464AC73C2D8498D60093A909 /* PBXContainerItemProxy */;
		};
/* End PBXTargetDependency section */

/* Begin XCBuildConfiguration section */
		464AC7432D8498D60093A909 /* Debug */ = {
			isa = XCBuildConfiguration;
			buildSettings = {
				ALWAYS_SEARCH_USER_PATHS = NO;
				ASSETCATALOG_COMPILER_GENERATE_SWIFT_ASSET_SYMBOL_EXTENSIONS = YES;
				CLANG_ANALYZER_NONNULL = YES;
				CLANG_ANALYZER_NUMBER_OBJECT_CONVERSION = YES_AGGRESSIVE;
				CLANG_CXX_LANGUAGE_STANDARD = "gnu++20";
				CLANG_ENABLE_MODULES = YES;
				CLANG_ENABLE_OBJC_ARC = YES;
				CLANG_ENABLE_OBJC_WEAK = YES;
				CLANG_WARN_BLOCK_CAPTURE_AUTORELEASING = YES;
				CLANG_WARN_BOOL_CONVERSION = YES;
				CLANG_WARN_COMMA = YES;
				CLANG_WARN_CONSTANT_CONVERSION = YES;
				CLANG_WARN_DEPRECATED_OBJC_IMPLEMENTATIONS = YES;
				CLANG_WARN_DIRECT_OBJC_ISA_USAGE = YES_ERROR;
				CLANG_WARN_DOCUMENTATION_COMMENTS = YES;
				CLANG_WARN_EMPTY_BODY = YES;
				CLANG_WARN_ENUM_CONVERSION = YES;
				CLANG_WARN_INFINITE_RECURSION = YES;
				CLANG_WARN_INT_CONVERSION = YES;
				CLANG_WARN_NON_LITERAL_NULL_CONVERSION = YES;
				CLANG_WARN_OBJC_IMPLICIT_RETAIN_SELF = YES;
				CLANG_WARN_OBJC_LITERAL_CONVERSION = YES;
				CLANG_WARN_OBJC_ROOT_CLASS = YES_ERROR;
				CLANG_WARN_QUOTED_INCLUDE_IN_FRAMEWORK_HEADER = YES;
				CLANG_WARN_RANGE_LOOP_ANALYSIS = YES;
				CLANG_WARN_STRICT_PROTOTYPES = YES;
				CLANG_WARN_SUSPICIOUS_MOVE = YES;
				CLANG_WARN_UNGUARDED_AVAILABILITY = YES_AGGRESSIVE;
				CLANG_WARN_UNREACHABLE_CODE = YES;
				CLANG_WARN__DUPLICATE_METHOD_MATCH = YES;
				COPY_PHASE_STRIP = NO;
				DEBUG_INFORMATION_FORMAT = dwarf;
				ENABLE_STRICT_OBJC_MSGSEND = YES;
				ENABLE_TESTABILITY = YES;
				ENABLE_USER_SCRIPT_SANDBOXING = YES;
				GCC_C_LANGUAGE_STANDARD = gnu17;
				GCC_DYNAMIC_NO_PIC = NO;
				GCC_NO_COMMON_BLOCKS = YES;
				GCC_OPTIMIZATION_LEVEL = 0;
				GCC_PREPROCESSOR_DEFINITIONS = (
					"DEBUG=1",
					"$(inherited)",
				);
				GCC_WARN_64_TO_32_BIT_CONVERSION = YES;
				GCC_WARN_ABOUT_RETURN_TYPE = YES_ERROR;
				GCC_WARN_UNDECLARED_SELECTOR = YES;
				GCC_WARN_UNINITIALIZED_AUTOS = YES_AGGRESSIVE;
				GCC_WARN_UNUSED_FUNCTION = YES;
				GCC_WARN_UNUSED_VARIABLE = YES;
				IPHONEOS_DEPLOYMENT_TARGET = 18.2;
				LOCALIZATION_PREFERS_STRING_CATALOGS = YES;
				MTL_ENABLE_DEBUG_INFO = INCLUDE_SOURCE;
				MTL_FAST_MATH = YES;
				ONLY_ACTIVE_ARCH = YES;
				SDKROOT = iphoneos;
				SWIFT_ACTIVE_COMPILATION_CONDITIONS = "DEBUG $(inherited)";
				SWIFT_OPTIMIZATION_LEVEL = "-Onone";
			};
			name = Debug;
		};
		464AC7442D8498D60093A909 /* Release */ = {
			isa = XCBuildConfiguration;
			buildSettings = {
				ALWAYS_SEARCH_USER_PATHS = NO;
				ASSETCATALOG_COMPILER_GENERATE_SWIFT_ASSET_SYMBOL_EXTENSIONS = YES;
				CLANG_ANALYZER_NONNULL = YES;
				CLANG_ANALYZER_NUMBER_OBJECT_CONVERSION = YES_AGGRESSIVE;
				CLANG_CXX_LANGUAGE_STANDARD = "gnu++20";
				CLANG_ENABLE_MODULES = YES;
				CLANG_ENABLE_OBJC_ARC = YES;
				CLANG_ENABLE_OBJC_WEAK = YES;
				CLANG_WARN_BLOCK_CAPTURE_AUTORELEASING = YES;
				CLANG_WARN_BOOL_CONVERSION = YES;
				CLANG_WARN_COMMA = YES;
				CLANG_WARN_CONSTANT_CONVERSION = YES;
				CLANG_WARN_DEPRECATED_OBJC_IMPLEMENTATIONS = YES;
				CLANG_WARN_DIRECT_OBJC_ISA_USAGE = YES_ERROR;
				CLANG_WARN_DOCUMENTATION_COMMENTS = YES;
				CLANG_WARN_EMPTY_BODY = YES;
				CLANG_WARN_ENUM_CONVERSION = YES;
				CLANG_WARN_INFINITE_RECURSION = YES;
				CLANG_WARN_INT_CONVERSION = YES;
				CLANG_WARN_NON_LITERAL_NULL_CONVERSION = YES;
				CLANG_WARN_OBJC_IMPLICIT_RETAIN_SELF = YES;
				CLANG_WARN_OBJC_LITERAL_CONVERSION = YES;
				CLANG_WARN_OBJC_ROOT_CLASS = YES_ERROR;
				CLANG_WARN_QUOTED_INCLUDE_IN_FRAMEWORK_HEADER = YES;
				CLANG_WARN_RANGE_LOOP_ANALYSIS = YES;
				CLANG_WARN_STRICT_PROTOTYPES = YES;
				CLANG_WARN_SUSPICIOUS_MOVE = YES;
				CLANG_WARN_UNGUARDED_AVAILABILITY = YES_AGGRESSIVE;
				CLANG_WARN_UNREACHABLE_CODE = YES;
				CLANG_WARN__DUPLICATE_METHOD_MATCH = YES;
				COPY_PHASE_STRIP = NO;
				DEBUG_INFORMATION_FORMAT = "dwarf-with-dsym";
				ENABLE_NS_ASSERTIONS = NO;
				ENABLE_STRICT_OBJC_MSGSEND = YES;
				ENABLE_USER_SCRIPT_SANDBOXING = YES;
				GCC_C_LANGUAGE_STANDARD = gnu17;
				GCC_NO_COMMON_BLOCKS = YES;
				GCC_WARN_64_TO_32_BIT_CONVERSION = YES;
				GCC_WARN_ABOUT_RETURN_TYPE = YES_ERROR;
				GCC_WARN_UNDECLARED_SELECTOR = YES;
				GCC_WARN_UNINITIALIZED_AUTOS = YES_AGGRESSIVE;
				GCC_WARN_UNUSED_FUNCTION = YES;
				GCC_WARN_UNUSED_VARIABLE = YES;
				IPHONEOS_DEPLOYMENT_TARGET = 18.2;
				LOCALIZATION_PREFERS_STRING_CATALOGS = YES;
				MTL_ENABLE_DEBUG_INFO = NO;
				MTL_FAST_MATH = YES;
				SDKROOT = iphoneos;
				SWIFT_COMPILATION_MODE = wholemodule;
				VALIDATE_PRODUCT = YES;
			};
			name = Release;
		};
		464AC7462D8498D60093A909 /* Debug */ = {
			isa = XCBuildConfiguration;
			buildSettings = {
				ASSETCATALOG_COMPILER_APPICON_NAME = RetroAppIcon;
				ASSETCATALOG_COMPILER_GLOBAL_ACCENT_COLOR_NAME = AccentColor;
				CODE_SIGN_STYLE = Automatic;
				CURRENT_PROJECT_VERSION = 1;
				DEVELOPMENT_ASSET_PATHS = "\"Riker/Preview Content\"";
				DEVELOPMENT_TEAM = 542Z6AZPS7;
				ENABLE_PREVIEWS = YES;
				GENERATE_INFOPLIST_FILE = NO;
				INFOPLIST_FILE = "$(SRCROOT)/Riker/Info.plist";
				INFOPLIST_KEY_UIApplicationSceneManifest_Generation = NO;
				INFOPLIST_KEY_UIApplicationSupportsIndirectInputEvents = YES;
				INFOPLIST_KEY_UILaunchScreen_Generation = YES;
				INFOPLIST_KEY_UISupportedInterfaceOrientations_iPad = "UIInterfaceOrientationPortrait UIInterfaceOrientationPortraitUpsideDown UIInterfaceOrientationLandscapeLeft UIInterfaceOrientationLandscapeRight";
				INFOPLIST_KEY_UISupportedInterfaceOrientations_iPhone = "UIInterfaceOrientationPortrait UIInterfaceOrientationLandscapeLeft UIInterfaceOrientationLandscapeRight";
				IPHONEOS_DEPLOYMENT_TARGET = 16.0;
				LD_RUNPATH_SEARCH_PATHS = (
					"$(inherited)",
					"@executable_path/Frameworks",
				);
				MARKETING_VERSION = 1.0;
				PRODUCT_BUNDLE_IDENTIFIER = Shisma.Riker;
				PRODUCT_NAME = "$(TARGET_NAME)";
				SWIFT_EMIT_LOC_STRINGS = YES;
				SWIFT_VERSION = 5.0;
				TARGETED_DEVICE_FAMILY = "1,2";
			};
			name = Debug;
		};
		464AC7472D8498D60093A909 /* Release */ = {
			isa = XCBuildConfiguration;
			buildSettings = {
				ASSETCATALOG_COMPILER_APPICON_NAME = RetroAppIcon;
				ASSETCATALOG_COMPILER_GLOBAL_ACCENT_COLOR_NAME = AccentColor;
				CODE_SIGN_STYLE = Automatic;
				CURRENT_PROJECT_VERSION = 1;
				DEVELOPMENT_ASSET_PATHS = "\"Riker/Preview Content\"";
				DEVELOPMENT_TEAM = 542Z6AZPS7;
				ENABLE_PREVIEWS = YES;
				GENERATE_INFOPLIST_FILE = NO;
				INFOPLIST_FILE = "$(SRCROOT)/Riker/Info.plist";
				INFOPLIST_KEY_UIApplicationSceneManifest_Generation = NO;
				INFOPLIST_KEY_UIApplicationSupportsIndirectInputEvents = YES;
				INFOPLIST_KEY_UILaunchScreen_Generation = YES;
				INFOPLIST_KEY_UISupportedInterfaceOrientations_iPad = "UIInterfaceOrientationPortrait UIInterfaceOrientationPortraitUpsideDown UIInterfaceOrientationLandscapeLeft UIInterfaceOrientationLandscapeRight";
				INFOPLIST_KEY_UISupportedInterfaceOrientations_iPhone = "UIInterfaceOrientationPortrait UIInterfaceOrientationLandscapeLeft UIInterfaceOrientationLandscapeRight";
				IPHONEOS_DEPLOYMENT_TARGET = 16.0;
				LD_RUNPATH_SEARCH_PATHS = (
					"$(inherited)",
					"@executable_path/Frameworks",
				);
				MARKETING_VERSION = 1.0;
				PRODUCT_BUNDLE_IDENTIFIER = Shisma.Riker;
				PRODUCT_NAME = "$(TARGET_NAME)";
				SWIFT_EMIT_LOC_STRINGS = YES;
				SWIFT_VERSION = 5.0;
				TARGETED_DEVICE_FAMILY = "1,2";
			};
			name = Release;
		};
		464AC7492D8498D60093A909 /* Debug */ = {
			isa = XCBuildConfiguration;
			buildSettings = {
				BUNDLE_LOADER = "$(TEST_HOST)";
				CODE_SIGN_STYLE = Automatic;
				CURRENT_PROJECT_VERSION = 1;
				GENERATE_INFOPLIST_FILE = YES;
				IPHONEOS_DEPLOYMENT_TARGET = 18.2;
				MARKETING_VERSION = 1.0;
				PRODUCT_BUNDLE_IDENTIFIER = Shisma.RikerTests;
				PRODUCT_NAME = "$(TARGET_NAME)";
				SWIFT_EMIT_LOC_STRINGS = NO;
				SWIFT_VERSION = 5.0;
				TARGETED_DEVICE_FAMILY = "1,2";
				TEST_HOST = "$(BUILT_PRODUCTS_DIR)/Riker.app/$(BUNDLE_EXECUTABLE_FOLDER_PATH)/Riker";
			};
			name = Debug;
		};
		464AC74A2D8498D60093A909 /* Release */ = {
			isa = XCBuildConfiguration;
			buildSettings = {
				BUNDLE_LOADER = "$(TEST_HOST)";
				CODE_SIGN_STYLE = Automatic;
				CURRENT_PROJECT_VERSION = 1;
				GENERATE_INFOPLIST_FILE = YES;
				IPHONEOS_DEPLOYMENT_TARGET = 18.2;
				MARKETING_VERSION = 1.0;
				PRODUCT_BUNDLE_IDENTIFIER = Shisma.RikerTests;
				PRODUCT_NAME = "$(TARGET_NAME)";
				SWIFT_EMIT_LOC_STRINGS = NO;
				SWIFT_VERSION = 5.0;
				TARGETED_DEVICE_FAMILY = "1,2";
				TEST_HOST = "$(BUILT_PRODUCTS_DIR)/Riker.app/$(BUNDLE_EXECUTABLE_FOLDER_PATH)/Riker";
			};
			name = Release;
		};
		464AC74C2D8498D60093A909 /* Debug */ = {
			isa = XCBuildConfiguration;
			buildSettings = {
				CODE_SIGN_STYLE = Automatic;
				CURRENT_PROJECT_VERSION = 1;
				GENERATE_INFOPLIST_FILE = YES;
				MARKETING_VERSION = 1.0;
				PRODUCT_BUNDLE_IDENTIFIER = Shisma.RikerUITests;
				PRODUCT_NAME = "$(TARGET_NAME)";
				SWIFT_EMIT_LOC_STRINGS = NO;
				SWIFT_VERSION = 5.0;
				TARGETED_DEVICE_FAMILY = "1,2";
				TEST_TARGET_NAME = Riker;
			};
			name = Debug;
		};
		464AC74D2D8498D60093A909 /* Release */ = {
			isa = XCBuildConfiguration;
			buildSettings = {
				CODE_SIGN_STYLE = Automatic;
				CURRENT_PROJECT_VERSION = 1;
				GENERATE_INFOPLIST_FILE = YES;
				MARKETING_VERSION = 1.0;
				PRODUCT_BUNDLE_IDENTIFIER = Shisma.RikerUITests;
				PRODUCT_NAME = "$(TARGET_NAME)";
				SWIFT_EMIT_LOC_STRINGS = NO;
				SWIFT_VERSION = 5.0;
				TARGETED_DEVICE_FAMILY = "1,2";
				TEST_TARGET_NAME = Riker;
			};
			name = Release;
		};
/* End XCBuildConfiguration section */

/* Begin XCConfigurationList section */
		464AC71C2D8498D50093A909 /* Build configuration list for PBXProject "Riker" */ = {
			isa = XCConfigurationList;
			buildConfigurations = (
				464AC7432D8498D60093A909 /* Debug */,
				464AC7442D8498D60093A909 /* Release */,
			);
			defaultConfigurationIsVisible = 0;
			defaultConfigurationName = Release;
		};
		464AC7452D8498D60093A909 /* Build configuration list for PBXNativeTarget "Riker" */ = {
			isa = XCConfigurationList;
			buildConfigurations = (
				464AC7462D8498D60093A909 /* Debug */,
				464AC7472D8498D60093A909 /* Release */,
			);
			defaultConfigurationIsVisible = 0;
			defaultConfigurationName = Release;
		};
		464AC7482D8498D60093A909 /* Build configuration list for PBXNativeTarget "RikerTests" */ = {
			isa = XCConfigurationList;
			buildConfigurations = (
				464AC7492D8498D60093A909 /* Debug */,
				464AC74A2D8498D60093A909 /* Release */,
			);
			defaultConfigurationIsVisible = 0;
			defaultConfigurationName = Release;
		};
		464AC74B2D8498D60093A909 /* Build configuration list for PBXNativeTarget "RikerUITests" */ = {
			isa = XCConfigurationList;
			buildConfigurations = (
				464AC74C2D8498D60093A909 /* Debug */,
				464AC74D2D8498D60093A909 /* Release */,
			);
			defaultConfigurationIsVisible = 0;
			defaultConfigurationName = Release;
		};
/* End XCConfigurationList section */
	};
	rootObject = 464AC7192D8498D50093A909 /* Project object */;
}
